
Microsoft Visual Studio Solution File, Format Version 12.00
# Visual Studio 15
VisualStudioVersion = 15.0.28307.572
MinimumVisualStudioVersion = 10.0.40219.1
Project("{FAE04EC0-301F-11D3-BF4B-00C04F79EFBC}") = "Wuwee.MvcWebUI", "Wuwee.MvcWebUI\Wuwee.MvcWebUI.csproj", "{EA24006D-1383-49D3-B84B-790A938C43C7}"
EndProject
Global
	GlobalSection(SolutionConfigurationPlatforms) = preSolution
		Debug|Any CPU = Debug|Any CPU
		Release|Any CPU = Release|Any CPU
	EndGlobalSection
	GlobalSection(ProjectConfigurationPlatforms) = postSolution
		{EA24006D-1383-49D3-B84B-790A938C43C7}.Debug|Any CPU.ActiveCfg = Debug|Any CPU
		{EA24006D-1383-49D3-B84B-790A938C43C7}.Debug|Any CPU.Build.0 = Debug|Any CPU
		{EA24006D-1383-49D3-B84B-790A938C43C7}.Release|Any CPU.ActiveCfg = Release|Any CPU
		{EA24006D-1383-49D3-B84B-790A938C43C7}.Release|Any CPU.Build.0 = Release|Any CPU
	EndGlobalSection
	GlobalSection(SolutionProperties) = preSolution
		HideSolutionNode = FALSE
	EndGlobalSection
	GlobalSection(ExtensibilityGlobals) = postSolution
		SolutionGuid = {3B22CD97-3AD2-4EDE-BDB9-6E6C88358CCB}
	EndGlobalSection
EndGlobal
